{
  "name": "ori-map",
  "version": "0.0.0",
  "lockfileVersion": 2,
  "requires": true,
  "packages": {
    "": {
      "name": "ori-map",
      "version": "0.0.0",
      "dependencies": {
        "@orillusion/core": "^0.6.8",
        "@tweenjs/tween.js": "^21.0.0",
        "three": "^0.155.0"
      },
      "devDependencies": {
        "@types/three": "^0.155.0",
        "typescript": "^5.0.2",
        "vite": "^4.4.5"
      }
    },
    "node_modules/@esbuild/win32-x64": {
      "version": "0.18.20",
      "resolved": "https://registry.npmjs.org/@esbuild/win32-x64/-/win32-x64-0.18.20.tgz",
      "integrity": "sha512-kTdfRcSiDfQca/y9QIkng02avJ+NCaQvrMejlsB3RRv5sE9rRoeBPISaZpKxHELzRxZyLvNts1P27W3wV+8geQ==",
      "cpu": [
        "x64"
      ],
      "dev": true,
      "license": "MIT",
      "optional": true,
      "os": [
        "win32"
      ],
      "engines": {
        "node": ">=12"
      }
    },
    "node_modules/@orillusion/core": {
      "version": "0.6.8",
      "resolved": "https://registry.npmjs.org/@orillusion/core/-/core-0.6.8.tgz",
      "integrity": "sha512-LWKjdOO0U5yENUL7A8O8IqURbk9njiVPDD1+ZLMihq4R9GcfO+oG4btQM8x0AD3++QeQfGqLBZXlJHWaPVUJgQ==",
      "license": "MIT"
    },
    "node_modules/@tweenjs/tween.js": {
      "version": "21.0.0",
      "resolved": "https://registry.npmjs.org/@tweenjs/tween.js/-/tween.js-21.0.0.tgz",
      "integrity": "sha512-qVfOiFh0U8ZSkLgA6tf7kj2MciqRbSCWaJZRwftVO7UbtVDNsZAXpWXqvCDtIefvjC83UJB+vHTDOGm5ibXjEA==",
      "license": "MIT"
    },
    "node_modules/@types/stats.js": {
      "version": "0.17.0",
      "resolved": "https://registry.npmjs.org/@types/stats.js/-/stats.js-0.17.0.tgz",
      "integrity": "sha512-9w+a7bR8PeB0dCT/HBULU2fMqf6BAzvKbxFboYhmDtDkKPiyXYbjoe2auwsXlEFI7CFNMF1dCv3dFH5Poy9R1w==",
      "dev": true
    },
    "node_modules/@types/three": {
      "version": "0.155.0",
      "resolved": "https://registry.npmjs.org/@types/three/-/three-0.155.0.tgz",
      "integrity": "sha512-IzdbqXsGsbG0flvq9D5L9pZRwySQQps2bGcizLYEsfvK3dM+B0sqKR6S+xAOXbouXemfDmHttrcQjVOM46YnAw==",
      "dev": true,
      "dependencies": {
        "@tweenjs/tween.js": "~18.6.4",
        "@types/stats.js": "*",
        "@types/webxr": "*",
        "fflate": "~0.6.9",
        "lil-gui": "~0.17.0",
        "meshoptimizer": "~0.18.1"
      }
    },
    "node_modules/@types/three/node_modules/@tweenjs/tween.js": {
      "version": "18.6.4",
      "resolved": "https://registry.npmjs.org/@tweenjs/tween.js/-/tween.js-18.6.4.tgz",
      "integrity": "sha512-lB9lMjuqjtuJrx7/kOkqQBtllspPIN+96OvTCeJ2j5FEzinoAXTdAMFnDAQT1KVPRlnYfBrqxtqP66vDM40xxQ==",
      "dev": true
    },
    "node_modules/@types/webxr": {
      "version": "0.5.2",
      "resolved": "https://registry.npmjs.org/@types/webxr/-/webxr-0.5.2.tgz",
      "integrity": "sha512-szL74BnIcok9m7QwYtVmQ+EdIKwbjPANudfuvDrAF8Cljg9MKUlIoc1w5tjj9PMpeSH3U1Xnx//czQybJ0EfSw==",
      "dev": true
    },
    "node_modules/esbuild": {
      "version": "0.18.20",
      "resolved": "https://registry.npmjs.org/esbuild/-/esbuild-0.18.20.tgz",
      "integrity": "sha512-ceqxoedUrcayh7Y7ZX6NdbbDzGROiyVBgC4PriJThBKSVPWnnFHZAkfI1lJT8QFkOwH4qOS2SJkS4wvpGl8BpA==",
      "dev": true,
      "hasInstallScript": true,
      "license": "MIT",
      "bin": {
        "esbuild": "bin/esbuild"
      },
      "engines": {
        "node": ">=12"
      },
      "optionalDependencies": {
        "@esbuild/android-arm": "0.18.20",
        "@esbuild/android-arm64": "0.18.20",
        "@esbuild/android-x64": "0.18.20",
        "@esbuild/darwin-arm64": "0.18.20",
        "@esbuild/darwin-x64": "0.18.20",
        "@esbuild/freebsd-arm64": "0.18.20",
        "@esbuild/freebsd-x64": "0.18.20",
        "@esbuild/linux-arm": "0.18.20",
        "@esbuild/linux-arm64": "0.18.20",
        "@esbuild/linux-ia32": "0.18.20",
        "@esbuild/linux-loong64": "0.18.20",
        "@esbuild/linux-mips64el": "0.18.20",
        "@esbuild/linux-ppc64": "0.18.20",
        "@esbuild/linux-riscv64": "0.18.20",
        "@esbuild/linux-s390x": "0.18.20",
        "@esbuild/linux-x64": "0.18.20",
        "@esbuild/netbsd-x64": "0.18.20",
        "@esbuild/openbsd-x64": "0.18.20",
        "@esbuild/sunos-x64": "0.18.20",
        "@esbuild/win32-arm64": "0.18.20",
        "@esbuild/win32-ia32": "0.18.20",
        "@esbuild/win32-x64": "0.18.20"
      }
    },
    "node_modules/fflate": {
      "version": "0.6.10",
      "resolved": "https://registry.npmjs.org/fflate/-/fflate-0.6.10.tgz",
      "integrity": "sha512-IQrh3lEPM93wVCEczc9SaAOvkmcoQn/G8Bo1e8ZPlY3X3bnAxWaBdvTdvM1hP62iZp0BXWDy4vTAy4fF0+Dlpg==",
      "dev": true
    },
    "node_modules/lil-gui": {
      "version": "0.17.0",
      "resolved": "https://registry.npmjs.org/lil-gui/-/lil-gui-0.17.0.tgz",
      "integrity": "sha512-MVBHmgY+uEbmJNApAaPbtvNh1RCAeMnKym82SBjtp5rODTYKWtM+MXHCifLe2H2Ti1HuBGBtK/5SyG4ShQ3pUQ==",
      "dev": true
    },
    "node_modules/meshoptimizer": {
      "version": "0.18.1",
      "resolved": "https://registry.npmjs.org/meshoptimizer/-/meshoptimizer-0.18.1.tgz",
      "integrity": "sha512-ZhoIoL7TNV4s5B6+rx5mC//fw8/POGyNxS/DZyCJeiZ12ScLfVwRE/GfsxwiTkMYYD5DmK2/JXnEVXqL4rF+Sw==",
      "dev": true
    },
    "node_modules/nanoid": {
      "version": "3.3.6",
      "resolved": "https://registry.npmjs.org/nanoid/-/nanoid-3.3.6.tgz",
      "integrity": "sha512-BGcqMMJuToF7i1rt+2PWSNVnWIkGCU78jBG3RxO/bZlnZPK2Cmi2QaffxGO/2RvWi9sL+FAiRiXMgsyxQ1DIDA==",
      "dev": true,
      "funding": [
        {
          "type": "github",
          "url": "https://github.com/sponsors/ai"
        }
      ],
      "license": "MIT",
      "bin": {
        "nanoid": "bin/nanoid.cjs"
      },
      "engines": {
        "node": "^10 || ^12 || ^13.7 || ^14 || >=15.0.1"
      }
    },
    "node_modules/picocolors": {
      "version": "1.0.0",
      "resolved": "https://registry.npmjs.org/picocolors/-/picocolors-1.0.0.tgz",
      "integrity": "sha512-1fygroTLlHu66zi26VoTDv8yRgm0Fccecssto+MhsZ0D/DGW2sm8E8AjW7NU5VVTRt5GxbeZ5qBuJr+HyLYkjQ==",
      "dev": true,
      "license": "ISC"
    },
    "node_modules/postcss": {
      "version": "8.4.27",
      "resolved": "https://registry.npmjs.org/postcss/-/postcss-8.4.27.tgz",
      "integrity": "sha512-gY/ACJtJPSmUFPDCHtX78+01fHa64FaU4zaaWfuh1MhGJISufJAH4cun6k/8fwsHYeK4UQmENQK+tRLCFJE8JQ==",
      "dev": true,
      "funding": [
        {
          "type": "opencollective",
          "url": "https://opencollective.com/postcss/"
        },
        {
          "type": "tidelift",
          "url": "https://tidelift.com/funding/github/npm/postcss"
        },
        {
          "type": "github",
          "url": "https://github.com/sponsors/ai"
        }
      ],
      "license": "MIT",
      "dependencies": {
        "nanoid": "^3.3.6",
        "picocolors": "^1.0.0",
        "source-map-js": "^1.0.2"
      },
      "engines": {
        "node": "^10 || ^12 || >=14"
      }
    },
    "node_modules/rollup": {
      "version": "3.28.0",
      "resolved": "https://registry.npmjs.org/rollup/-/rollup-3.28.0.tgz",
      "integrity": "sha512-d7zhvo1OUY2SXSM6pfNjgD5+d0Nz87CUp4mt8l/GgVP3oBsPwzNvSzyu1me6BSG9JIgWNTVcafIXBIyM8yQ3yw==",
      "dev": true,
      "license": "MIT",
      "bin": {
        "rollup": "dist/bin/rollup"
      },
      "engines": {
        "node": ">=14.18.0",
        "npm": ">=8.0.0"
      },
      "optionalDependencies": {
        "fsevents": "~2.3.2"
      }
    },
    "node_modules/source-map-js": {
      "version": "1.0.2",
      "resolved": "https://registry.npmjs.org/source-map-js/-/source-map-js-1.0.2.tgz",
      "integrity": "sha512-R0XvVJ9WusLiqTCEiGCmICCMplcCkIwwR11mOSD9CR5u+IXYdiseeEuXCVAjS54zqwkLcPNnmU4OeJ6tUrWhDw==",
      "dev": true,
      "license": "BSD-3-Clause",
      "engines": {
        "node": ">=0.10.0"
      }
    },
    "node_modules/three": {
      "version": "0.155.0",
      "resolved": "https://registry.npmjs.org/three/-/three-0.155.0.tgz",
      "integrity": "sha512-sNgCYmDijnIqkD/bMfk+1pHg3YzsxW7V2ChpuP6HCQ8NiZr3RufsXQr8M3SSUMjW4hG+sUk7YbyuY0DncaDTJQ==",
      "license": "MIT"
    },
    "node_modules/typescript": {
      "version": "5.1.6",
      "resolved": "https://registry.npmjs.org/typescript/-/typescript-5.1.6.tgz",
      "integrity": "sha512-zaWCozRZ6DLEWAWFrVDz1H6FVXzUSfTy5FUMWsQlU8Ym5JP9eO4xkTIROFCQvhQf61z6O/G6ugw3SgAnvvm+HA==",
      "dev": true,
      "license": "Apache-2.0",
      "bin": {
        "tsc": "bin/tsc",
        "tsserver": "bin/tsserver"
      },
      "engines": {
        "node": ">=14.17"
      }
    },
    "node_modules/vite": {
      "version": "4.4.9",
      "resolved": "https://registry.npmjs.org/vite/-/vite-4.4.9.tgz",
      "integrity": "sha512-2mbUn2LlUmNASWwSCNSJ/EG2HuSRTnVNaydp6vMCm5VIqJsjMfbIWtbH2kDuwUVW5mMUKKZvGPX/rqeqVvv1XA==",
      "dev": true,
      "license": "MIT",
      "dependencies": {
        "esbuild": "^0.18.10",
        "postcss": "^8.4.27",
        "rollup": "^3.27.1"
      },
      "bin": {
        "vite": "bin/vite.js"
      },
      "engines": {
        "node": "^14.18.0 || >=16.0.0"
      },
      "funding": {
        "url": "https://github.com/vitejs/vite?sponsor=1"
      },
      "optionalDependencies": {
        "fsevents": "~2.3.2"
      },
      "peerDependencies": {
        "@types/node": ">= 14",
        "less": "*",
        "lightningcss": "^1.21.0",
        "sass": "*",
        "stylus": "*",
        "sugarss": "*",
        "terser": "^5.4.0"
      },
      "peerDependenciesMeta": {
        "@types/node": {
          "optional": true
        },
        "less": {
          "optional": true
        },
        "lightningcss": {
          "optional": true
        },
        "sass": {
          "optional": true
        },
        "stylus": {
          "optional": true
        },
        "sugarss": {
          "optional": true
        },
        "terser": {
          "optional": true
        }
      }
    }
  },
  "dependencies": {
    "@esbuild/win32-x64": {
      "version": "0.18.20",
      "resolved": "https://registry.npmjs.org/@esbuild/win32-x64/-/win32-x64-0.18.20.tgz",
      "integrity": "sha512-kTdfRcSiDfQca/y9QIkng02avJ+NCaQvrMejlsB3RRv5sE9rRoeBPISaZpKxHELzRxZyLvNts1P27W3wV+8geQ==",
      "dev": true,
      "optional": true
    },
    "@orillusion/core": {
      "version": "0.6.8",
      "resolved": "https://registry.npmjs.org/@orillusion/core/-/core-0.6.8.tgz",
      "integrity": "sha512-LWKjdOO0U5yENUL7A8O8IqURbk9njiVPDD1+ZLMihq4R9GcfO+oG4btQM8x0AD3++QeQfGqLBZXlJHWaPVUJgQ=="
    },
    "@tweenjs/tween.js": {
      "version": "21.0.0",
      "resolved": "https://registry.npmjs.org/@tweenjs/tween.js/-/tween.js-21.0.0.tgz",
      "integrity": "sha512-qVfOiFh0U8ZSkLgA6tf7kj2MciqRbSCWaJZRwftVO7UbtVDNsZAXpWXqvCDtIefvjC83UJB+vHTDOGm5ibXjEA=="
    },
    "@types/stats.js": {
      "version": "0.17.0",
      "resolved": "https://registry.npmjs.org/@types/stats.js/-/stats.js-0.17.0.tgz",
      "integrity": "sha512-9w+a7bR8PeB0dCT/HBULU2fMqf6BAzvKbxFboYhmDtDkKPiyXYbjoe2auwsXlEFI7CFNMF1dCv3dFH5Poy9R1w==",
      "dev": true
    },
    "@types/three": {
      "version": "0.155.0",
      "resolved": "https://registry.npmjs.org/@types/three/-/three-0.155.0.tgz",
      "integrity": "sha512-IzdbqXsGsbG0flvq9D5L9pZRwySQQps2bGcizLYEsfvK3dM+B0sqKR6S+xAOXbouXemfDmHttrcQjVOM46YnAw==",
      "dev": true,
      "requires": {
        "@tweenjs/tween.js": "~18.6.4",
        "@types/stats.js": "*",
        "@types/webxr": "*",
        "fflate": "~0.6.9",
        "lil-gui": "~0.17.0",
        "meshoptimizer": "~0.18.1"
      },
      "dependencies": {
        "@tweenjs/tween.js": {
          "version": "18.6.4",
          "resolved": "https://registry.npmjs.org/@tweenjs/tween.js/-/tween.js-18.6.4.tgz",
          "integrity": "sha512-lB9lMjuqjtuJrx7/kOkqQBtllspPIN+96OvTCeJ2j5FEzinoAXTdAMFnDAQT1KVPRlnYfBrqxtqP66vDM40xxQ==",
          "dev": true
        }
      }
    },
    "@types/webxr": {
      "version": "0.5.2",
      "resolved": "https://registry.npmjs.org/@types/webxr/-/webxr-0.5.2.tgz",
      "integrity": "sha512-szL74BnIcok9m7QwYtVmQ+EdIKwbjPANudfuvDrAF8Cljg9MKUlIoc1w5tjj9PMpeSH3U1Xnx//czQybJ0EfSw==",
      "dev": true
    },
    "esbuild": {
      "version": "0.18.20",
      "resolved": "https://registry.npmjs.org/esbuild/-/esbuild-0.18.20.tgz",
      "integrity": "sha512-ceqxoedUrcayh7Y7ZX6NdbbDzGROiyVBgC4PriJThBKSVPWnnFHZAkfI1lJT8QFkOwH4qOS2SJkS4wvpGl8BpA==",
      "dev": true,
      "requires": {
        "@esbuild/android-arm": "0.18.20",
        "@esbuild/android-arm64": "0.18.20",
        "@esbuild/android-x64": "0.18.20",
        "@esbuild/darwin-arm64": "0.18.20",
        "@esbuild/darwin-x64": "0.18.20",
        "@esbuild/freebsd-arm64": "0.18.20",
        "@esbuild/freebsd-x64": "0.18.20",
        "@esbuild/linux-arm": "0.18.20",
        "@esbuild/linux-arm64": "0.18.20",
        "@esbuild/linux-ia32": "0.18.20",
        "@esbuild/linux-loong64": "0.18.20",
        "@esbuild/linux-mips64el": "0.18.20",
        "@esbuild/linux-ppc64": "0.18.20",
        "@esbuild/linux-riscv64": "0.18.20",
        "@esbuild/linux-s390x": "0.18.20",
        "@esbuild/linux-x64": "0.18.20",
        "@esbuild/netbsd-x64": "0.18.20",
        "@esbuild/openbsd-x64": "0.18.20",
        "@esbuild/sunos-x64": "0.18.20",
        "@esbuild/win32-arm64": "0.18.20",
        "@esbuild/win32-ia32": "0.18.20",
        "@esbuild/win32-x64": "0.18.20"
      }
    },
    "fflate": {
      "version": "0.6.10",
      "resolved": "https://registry.npmjs.org/fflate/-/fflate-0.6.10.tgz",
      "integrity": "sha512-IQrh3lEPM93wVCEczc9SaAOvkmcoQn/G8Bo1e8ZPlY3X3bnAxWaBdvTdvM1hP62iZp0BXWDy4vTAy4fF0+Dlpg==",
      "dev": true
    },
    "lil-gui": {
      "version": "0.17.0",
      "resolved": "https://registry.npmjs.org/lil-gui/-/lil-gui-0.17.0.tgz",
      "integrity": "sha512-MVBHmgY+uEbmJNApAaPbtvNh1RCAeMnKym82SBjtp5rODTYKWtM+MXHCifLe2H2Ti1HuBGBtK/5SyG4ShQ3pUQ==",
      "dev": true
    },
    "meshoptimizer": {
      "version": "0.18.1",
      "resolved": "https://registry.npmjs.org/meshoptimizer/-/meshoptimizer-0.18.1.tgz",
      "integrity": "sha512-ZhoIoL7TNV4s5B6+rx5mC//fw8/POGyNxS/DZyCJeiZ12ScLfVwRE/GfsxwiTkMYYD5DmK2/JXnEVXqL4rF+Sw==",
      "dev": true
    },
    "nanoid": {
      "version": "3.3.6",
      "resolved": "https://registry.npmjs.org/nanoid/-/nanoid-3.3.6.tgz",
      "integrity": "sha512-BGcqMMJuToF7i1rt+2PWSNVnWIkGCU78jBG3RxO/bZlnZPK2Cmi2QaffxGO/2RvWi9sL+FAiRiXMgsyxQ1DIDA==",
      "dev": true
    },
    "picocolors": {
      "version": "1.0.0",
      "resolved": "https://registry.npmjs.org/picocolors/-/picocolors-1.0.0.tgz",
      "integrity": "sha512-1fygroTLlHu66zi26VoTDv8yRgm0Fccecssto+MhsZ0D/DGW2sm8E8AjW7NU5VVTRt5GxbeZ5qBuJr+HyLYkjQ==",
      "dev": true
    },
    "postcss": {
      "version": "8.4.27",
      "resolved": "https://registry.npmjs.org/postcss/-/postcss-8.4.27.tgz",
      "integrity": "sha512-gY/ACJtJPSmUFPDCHtX78+01fHa64FaU4zaaWfuh1MhGJISufJAH4cun6k/8fwsHYeK4UQmENQK+tRLCFJE8JQ==",
      "dev": true,
      "requires": {
        "nanoid": "^3.3.6",
        "picocolors": "^1.0.0",
        "source-map-js": "^1.0.2"
      }
    },
    "rollup": {
      "version": "3.28.0",
      "resolved": "https://registry.npmjs.org/rollup/-/rollup-3.28.0.tgz",
      "integrity": "sha512-d7zhvo1OUY2SXSM6pfNjgD5+d0Nz87CUp4mt8l/GgVP3oBsPwzNvSzyu1me6BSG9JIgWNTVcafIXBIyM8yQ3yw==",
      "dev": true,
      "requires": {
        "fsevents": "~2.3.2"
      }
    },
    "source-map-js": {
      "version": "1.0.2",
      "resolved": "https://registry.npmjs.org/source-map-js/-/source-map-js-1.0.2.tgz",
      "integrity": "sha512-R0XvVJ9WusLiqTCEiGCmICCMplcCkIwwR11mOSD9CR5u+IXYdiseeEuXCVAjS54zqwkLcPNnmU4OeJ6tUrWhDw==",
      "dev": true
    },
    "three": {
      "version": "0.155.0",
      "resolved": "https://registry.npmjs.org/three/-/three-0.155.0.tgz",
      "integrity": "sha512-sNgCYmDijnIqkD/bMfk+1pHg3YzsxW7V2ChpuP6HCQ8NiZr3RufsXQr8M3SSUMjW4hG+sUk7YbyuY0DncaDTJQ=="
    },
    "typescript": {
      "version": "5.1.6",
      "resolved": "https://registry.npmjs.org/typescript/-/typescript-5.1.6.tgz",
      "integrity": "sha512-zaWCozRZ6DLEWAWFrVDz1H6FVXzUSfTy5FUMWsQlU8Ym5JP9eO4xkTIROFCQvhQf61z6O/G6ugw3SgAnvvm+HA==",
      "dev": true
    },
    "vite": {
      "version": "4.4.9",
      "resolved": "https://registry.npmjs.org/vite/-/vite-4.4.9.tgz",
      "integrity": "sha512-2mbUn2LlUmNASWwSCNSJ/EG2HuSRTnVNaydp6vMCm5VIqJsjMfbIWtbH2kDuwUVW5mMUKKZvGPX/rqeqVvv1XA==",
      "dev": true,
      "requires": {
        "esbuild": "^0.18.10",
        "fsevents": "~2.3.2",
        "postcss": "^8.4.27",
        "rollup": "^3.27.1"
      }
    }
  }
}
